<?xml version="1.0" encoding="utf-8"?>
<Project ToolsVersion="4.0" xmlns="http://schemas.microsoft.com/developer/msbuild/2003">
  <ItemGroup>
    <Filter Include="Main">
      <UniqueIdentifier>{4FC737F1-C7A5-4376-A066-2A32D752A2FF}</UniqueIdentifier>
      <Extensions>cpp;c;cc;cxx;def;odl;idl;hpj;bat;asm;asmx</Extensions>
    </Filter>
    <Filter Include="Game Modules">
      <UniqueIdentifier>{15b5cbc6-cd68-4e6e-8935-b04f2fdf7bf4}</UniqueIdentifier>
    </Filter>
    <Filter Include="Core Modules">
      <UniqueIdentifier>{72b85efa-930b-4213-a8ec-2f0f817410d1}</UniqueIdentifier>
    </Filter>
    <Filter Include="Utils">
      <UniqueIdentifier>{ad89cf24-f35e-4d0c-90e5-820c054c274d}</UniqueIdentifier>
    </Filter>
    <Filter Include="OpenGlTools">
      <UniqueIdentifier>{35276d3c-e36f-4712-95f3-28281310ab83}</UniqueIdentifier>
    </Filter>
    <Filter Include="Devil">
      <UniqueIdentifier>{7efe4422-876f-441f-a762-7a5668eac63a}</UniqueIdentifier>
    </Filter>
    <Filter Include="Assimp">
      <UniqueIdentifier>{0b0f1bbb-b2a5-48e2-8ca5-de41d4d10d47}</UniqueIdentifier>
    </Filter>
    <Filter Include="IMGUI">
      <UniqueIdentifier>{b0344978-948c-47c1-91d3-19914eda28cf}</UniqueIdentifier>
    </Filter>
  </ItemGroup>
  <ItemGroup>
    <ClInclude Include="ModuleRender.h">
      <Filter>Core Modules</Filter>
    </ClInclude>
    <ClInclude Include="ModuleTextures.h">
      <Filter>Core Modules</Filter>
    </ClInclude>
    <ClInclude Include="ModuleWindow.h">
      <Filter>Core Modules</Filter>
    </ClInclude>
    <ClInclude Include="Module.h">
      <Filter>Core Modules</Filter>
    </ClInclude>
    <ClInclude Include="Application.h">
      <Filter>Main</Filter>
    </ClInclude>
    <ClInclude Include="Globals.h">
      <Filter>Main</Filter>
    </ClInclude>
    <ClInclude Include="ModuleAudio.h">
      <Filter>Core Modules</Filter>
    </ClInclude>
    <ClInclude Include="ModuleFadeToBlack.h">
      <Filter>Core Modules</Filter>
    </ClInclude>
    <ClInclude Include="Animation.h">
      <Filter>Utils</Filter>
    </ClInclude>
    <ClInclude Include="Point.h">
      <Filter>Utils</Filter>
    </ClInclude>
    <ClInclude Include="ModulePlayer.h">
      <Filter>Game Modules</Filter>
    </ClInclude>
    <ClInclude Include="ModuleInput.h">
      <Filter>Core Modules</Filter>
    </ClInclude>
    <ClInclude Include="MemLeaks.h">
      <Filter>Utils</Filter>
    </ClInclude>
    <ClInclude Include="ModuleCollision.h">
      <Filter>Core Modules</Filter>
    </ClInclude>
    <ClInclude Include="Timer.h">
      <Filter>Utils</Filter>
    </ClInclude>
    <ClInclude Include="ModuleUI.h">
      <Filter>Game Modules</Filter>
    </ClInclude>
    <ClInclude Include="MyRandom.h">
      <Filter>Utils</Filter>
    </ClInclude>
    <ClInclude Include="parson.h">
      <Filter>Utils</Filter>
    </ClInclude>
    <ClInclude Include="JsonParser.h">
      <Filter>Utils</Filter>
    </ClInclude>
    <ClInclude Include="SimpleTimer.h">
      <Filter>Utils</Filter>
    </ClInclude>
    <ClInclude Include="GL\glew.h">
      <Filter>Utils</Filter>
    </ClInclude>
    <ClInclude Include="Primitive.h">
      <Filter>OpenGlTools</Filter>
    </ClInclude>
    <ClInclude Include="Cube.h">
      <Filter>OpenGlTools</Filter>
    </ClInclude>
    <ClInclude Include="Gizmo.h">
      <Filter>OpenGlTools</Filter>
    </ClInclude>
    <ClInclude Include="MPlane.h">
      <Filter>OpenGlTools</Filter>
    </ClInclude>
    <ClInclude Include="SOIL.h">
      <Filter>Utils</Filter>
    </ClInclude>
    <ClInclude Include="..\Libraries\Devil\include\IL\devil_cpp_wrapper.hpp">
      <Filter>Devil</Filter>
    </ClInclude>
    <ClInclude Include="..\Libraries\Devil\include\IL\devil_internal_exports.h">
      <Filter>Devil</Filter>
    </ClInclude>
    <ClInclude Include="..\Libraries\Devil\include\IL\il.h">
      <Filter>Devil</Filter>
    </ClInclude>
    <ClInclude Include="..\Libraries\Devil\include\IL\il_wrap.h">
      <Filter>Devil</Filter>
    </ClInclude>
    <ClInclude Include="..\Libraries\Devil\include\IL\ilu.h">
      <Filter>Devil</Filter>
    </ClInclude>
    <ClInclude Include="..\Libraries\Devil\include\IL\ilu_region.h">
      <Filter>Devil</Filter>
    </ClInclude>
    <ClInclude Include="..\Libraries\Devil\include\IL\ilut.h">
      <Filter>Devil</Filter>
    </ClInclude>
    <ClInclude Include="..\Libraries\Devil\include\IL\ilut_config.h">
      <Filter>Devil</Filter>
    </ClInclude>
    <ClInclude Include="..\Libraries\assimp\include\assimp\quaternion.h">
      <Filter>Assimp</Filter>
    </ClInclude>
    <ClInclude Include="..\Libraries\assimp\include\assimp\scene.h">
      <Filter>Assimp</Filter>
    </ClInclude>
    <ClInclude Include="..\Libraries\assimp\include\assimp\texture.h">
      <Filter>Assimp</Filter>
    </ClInclude>
    <ClInclude Include="..\Libraries\assimp\include\assimp\types.h">
      <Filter>Assimp</Filter>
    </ClInclude>
    <ClInclude Include="..\Libraries\assimp\include\assimp\vector2.h">
      <Filter>Assimp</Filter>
    </ClInclude>
    <ClInclude Include="..\Libraries\assimp\include\assimp\vector3.h">
      <Filter>Assimp</Filter>
    </ClInclude>
    <ClInclude Include="..\Libraries\assimp\include\assimp\version.h">
      <Filter>Assimp</Filter>
    </ClInclude>
    <ClInclude Include="..\Libraries\assimp\include\assimp\ai_assert.h">
      <Filter>Assimp</Filter>
    </ClInclude>
    <ClInclude Include="..\Libraries\assimp\include\assimp\anim.h">
      <Filter>Assimp</Filter>
    </ClInclude>
    <ClInclude Include="..\Libraries\assimp\include\assimp\camera.h">
      <Filter>Assimp</Filter>
    </ClInclude>
    <ClInclude Include="..\Libraries\assimp\include\assimp\cexport.h">
      <Filter>Assimp</Filter>
    </ClInclude>
    <ClInclude Include="..\Libraries\assimp\include\assimp\cfileio.h">
      <Filter>Assimp</Filter>
    </ClInclude>
    <ClInclude Include="..\Libraries\assimp\include\assimp\cimport.h">
      <Filter>Assimp</Filter>
    </ClInclude>
    <ClInclude Include="..\Libraries\assimp\include\assimp\color4.h">
      <Filter>Assimp</Filter>
    </ClInclude>
    <ClInclude Include="..\Libraries\assimp\include\assimp\config.h">
      <Filter>Assimp</Filter>
    </ClInclude>
    <ClInclude Include="..\Libraries\assimp\include\assimp\DefaultLogger.hpp">
      <Filter>Assimp</Filter>
    </ClInclude>
    <ClInclude Include="..\Libraries\assimp\include\assimp\defs.h">
      <Filter>Assimp</Filter>
    </ClInclude>
    <ClInclude Include="..\Libraries\assimp\include\assimp\Exporter.hpp">
      <Filter>Assimp</Filter>
    </ClInclude>
    <ClInclude Include="..\Libraries\assimp\include\assimp\Importer.hpp">
      <Filter>Assimp</Filter>
    </ClInclude>
    <ClInclude Include="..\Libraries\assimp\include\assimp\importerdesc.h">
      <Filter>Assimp</Filter>
    </ClInclude>
    <ClInclude Include="..\Libraries\assimp\include\assimp\IOStream.hpp">
      <Filter>Assimp</Filter>
    </ClInclude>
    <ClInclude Include="..\Libraries\assimp\include\assimp\IOSystem.hpp">
      <Filter>Assimp</Filter>
    </ClInclude>
    <ClInclude Include="..\Libraries\assimp\include\assimp\light.h">
      <Filter>Assimp</Filter>
    </ClInclude>
    <ClInclude Include="..\Libraries\assimp\include\assimp\Logger.hpp">
      <Filter>Assimp</Filter>
    </ClInclude>
    <ClInclude Include="..\Libraries\assimp\include\assimp\LogStream.hpp">
      <Filter>Assimp</Filter>
    </ClInclude>
    <ClInclude Include="..\Libraries\assimp\include\assimp\material.h">
      <Filter>Assimp</Filter>
    </ClInclude>
    <ClInclude Include="..\Libraries\assimp\include\assimp\matrix3x3.h">
      <Filter>Assimp</Filter>
    </ClInclude>
    <ClInclude Include="..\Libraries\assimp\include\assimp\matrix4x4.h">
      <Filter>Assimp</Filter>
    </ClInclude>
    <ClInclude Include="..\Libraries\assimp\include\assimp\mesh.h">
      <Filter>Assimp</Filter>
    </ClInclude>
    <ClInclude Include="..\Libraries\assimp\include\assimp\metadata.h">
      <Filter>Assimp</Filter>
    </ClInclude>
    <ClInclude Include="..\Libraries\assimp\include\assimp\NullLogger.hpp">
      <Filter>Assimp</Filter>
    </ClInclude>
    <ClInclude Include="..\Libraries\assimp\include\assimp\postprocess.h">
      <Filter>Assimp</Filter>
    </ClInclude>
    <ClInclude Include="..\Libraries\assimp\include\assimp\ProgressHandler.hpp">
      <Filter>Assimp</Filter>
    </ClInclude>
    <ClInclude Include="Model.h">
      <Filter>OpenGlTools</Filter>
    </ClInclude>
    <ClInclude Include="..\Libraries\IMGUI\imconfig.h">
      <Filter>IMGUI</Filter>
    </ClInclude>
    <ClInclude Include="..\Libraries\IMGUI\imgui.h">
      <Filter>IMGUI</Filter>
    </ClInclude>
    <ClInclude Include="..\Libraries\IMGUI\imgui_internal.h">
      <Filter>IMGUI</Filter>
    </ClInclude>
    <ClInclude Include="..\Libraries\IMGUI\stb_rect_pack.h">
      <Filter>IMGUI</Filter>
    </ClInclude>
    <ClInclude Include="..\Libraries\IMGUI\stb_textedit.h">
      <Filter>IMGUI</Filter>
    </ClInclude>
    <ClInclude Include="..\Libraries\IMGUI\stb_truetype.h">
      <Filter>IMGUI</Filter>
    </ClInclude>
    <ClInclude Include="..\Libraries\IMGUI\imgui_impl_sdl_gl3.h">
      <Filter>IMGUI</Filter>
    </ClInclude>
    <ClInclude Include="ModuleEditor.h">
      <Filter>Core Modules</Filter>
    </ClInclude>
    <ClInclude Include="Level.h">
      <Filter>OpenGlTools</Filter>
    </ClInclude>
    <ClInclude Include="TextureManager.h">
      <Filter>Core Modules</Filter>
    </ClInclude>
    <ClInclude Include="GameObject.h">
      <Filter>Game Modules</Filter>
    </ClInclude>
    <ClInclude Include="Component.h">
      <Filter>Game Modules</Filter>
    </ClInclude>
    <ClInclude Include="ComponentMesh.h">
      <Filter>Game Modules</Filter>
    </ClInclude>
    <ClInclude Include="ComponentMaterial.h">
      <Filter>Game Modules</Filter>
    </ClInclude>
    <ClInclude Include="ComponentTransform.h">
      <Filter>Game Modules</Filter>
    </ClInclude>
    <ClInclude Include="ModuleScene.h">
      <Filter>Game Modules</Filter>
    </ClInclude>
    <ClInclude Include="ComponentCamera.h">
      <Filter>Game Modules</Filter>
    </ClInclude>
    <ClInclude Include="QuadTreeNode.h">
      <Filter>Utils</Filter>
    </ClInclude>
    <ClInclude Include="ModuleAnim.h">
      <Filter>Game Modules</Filter>
    </ClInclude>
    <ClInclude Include="Billboard.h">
      <Filter>Game Modules</Filter>
    </ClInclude>
    <ClInclude Include="GrassBillboard.h">
      <Filter>Game Modules</Filter>
    </ClInclude>
    <ClInclude Include="ComponentParticle.h">
      <Filter>Game Modules</Filter>
    </ClInclude>
  </ItemGroup>
  <ItemGroup>
    <ClCompile Include="Main.cpp">
      <Filter>Main</Filter>
    </ClCompile>
    <ClCompile Include="Application.cpp">
      <Filter>Main</Filter>
    </ClCompile>
    <ClCompile Include="ModuleRender.cpp">
      <Filter>Core Modules</Filter>
    </ClCompile>
    <ClCompile Include="ModuleTextures.cpp">
      <Filter>Core Modules</Filter>
    </ClCompile>
    <ClCompile Include="ModuleWindow.cpp">
      <Filter>Core Modules</Filter>
    </ClCompile>
    <ClCompile Include="ModuleAudio.cpp">
      <Filter>Core Modules</Filter>
    </ClCompile>
    <ClCompile Include="ModuleFadeToBlack.cpp">
      <Filter>Core Modules</Filter>
    </ClCompile>
    <ClCompile Include="Log.cpp">
      <Filter>Utils</Filter>
    </ClCompile>
    <ClCompile Include="ModulePlayer.cpp">
      <Filter>Game Modules</Filter>
    </ClCompile>
    <ClCompile Include="ModuleInput.cpp">
      <Filter>Core Modules</Filter>
    </ClCompile>
    <ClCompile Include="ModuleCollision.cpp">
      <Filter>Core Modules</Filter>
    </ClCompile>
    <ClCompile Include="ModuleUI.cpp">
      <Filter>Game Modules</Filter>
    </ClCompile>
    <ClCompile Include="parson.c">
      <Filter>Utils</Filter>
    </ClCompile>
    <ClCompile Include="JsonParser.cpp">
      <Filter>Utils</Filter>
    </ClCompile>
    <ClCompile Include="Cube.cpp">
      <Filter>OpenGlTools</Filter>
    </ClCompile>
    <ClCompile Include="Gizmo.cpp">
      <Filter>Main</Filter>
    </ClCompile>
    <ClCompile Include="Model.cpp">
      <Filter>OpenGlTools</Filter>
    </ClCompile>
    <ClCompile Include="MPlane.cpp">
      <Filter>OpenGlTools</Filter>
    </ClCompile>
    <ClCompile Include="..\Libraries\IMGUI\imgui.cpp">
      <Filter>IMGUI</Filter>
    </ClCompile>
    <ClCompile Include="..\Libraries\IMGUI\imgui_demo.cpp">
      <Filter>IMGUI</Filter>
    </ClCompile>
    <ClCompile Include="..\Libraries\IMGUI\imgui_draw.cpp">
      <Filter>IMGUI</Filter>
    </ClCompile>
    <ClCompile Include="..\Libraries\IMGUI\imgui_impl_sdl_gl3.cpp">
      <Filter>IMGUI</Filter>
    </ClCompile>
    <ClCompile Include="ModuleEditor.cpp">
      <Filter>Core Modules</Filter>
    </ClCompile>
    <ClCompile Include="Level.cpp">
      <Filter>OpenGlTools</Filter>
    </ClCompile>
    <ClCompile Include="TextureManager.cpp">
      <Filter>Core Modules</Filter>
    </ClCompile>
    <ClCompile Include="GameObject.cpp">
      <Filter>Game Modules</Filter>
    </ClCompile>
    <ClCompile Include="ComponentMesh.cpp">
      <Filter>Game Modules</Filter>
    </ClCompile>
    <ClCompile Include="ComponentMaterial.cpp">
      <Filter>Game Modules</Filter>
    </ClCompile>
    <ClCompile Include="ComponentTransform.cpp">
      <Filter>Game Modules</Filter>
    </ClCompile>
    <ClCompile Include="ModuleScene.cpp">
      <Filter>Game Modules</Filter>
    </ClCompile>
    <ClCompile Include="ComponentCamera.cpp">
      <Filter>Game Modules</Filter>
    </ClCompile>
    <ClCompile Include="QuadTreeNode.cpp">
      <Filter>Utils</Filter>
    </ClCompile>
    <ClCompile Include="ModuleAnim.cpp">
      <Filter>Game Modules</Filter>
    </ClCompile>
    <ClCompile Include="Billboard.cpp">
      <Filter>Game Modules</Filter>
    </ClCompile>
    <ClCompile Include="GrassBillboard.cpp">
      <Filter>Game Modules</Filter>
    </ClCompile>
    <ClCompile Include="ComponentParticle.cpp">
      <Filter>Game Modules</Filter>
    </ClCompile>
  </ItemGroup>
  <ItemGroup>
    <None Include="config.json">
      <Filter>Utils</Filter>
    </None>
    <None Include="..\Libraries\Devil\include\IL\DevIL.i">
      <Filter>Devil</Filter>
    </None>
    <None Include="..\Libraries\assimp\include\assimp\quaternion.inl">
      <Filter>Assimp</Filter>
    </None>
    <None Include="..\Libraries\assimp\include\assimp\vector2.inl">
      <Filter>Assimp</Filter>
    </None>
    <None Include="..\Libraries\assimp\include\assimp\vector3.inl">
      <Filter>Assimp</Filter>
    </None>
    <None Include="..\Libraries\assimp\include\assimp\color4.inl">
      <Filter>Assimp</Filter>
    </None>
    <None Include="..\Libraries\assimp\include\assimp\material.inl">
      <Filter>Assimp</Filter>
    </None>
    <None Include="..\Libraries\assimp\include\assimp\matrix3x3.inl">
      <Filter>Assimp</Filter>
    </None>
    <None Include="..\Libraries\assimp\include\assimp\matrix4x4.inl">
      <Filter>Assimp</Filter>
    </None>
  </ItemGroup>
</Project>